
Microsoft Visual Studio Solution File, Format Version 12.00
# Visual Studio Version 17
VisualStudioVersion = 17.10.35013.160
MinimumVisualStudioVersion = 10.0.40219.1
Project("{FAE04EC0-301F-11D3-BF4B-00C04F79EFBC}") = "Downloader", "Downloader\Downloader.csproj", "{5E020021-0417-4113-887B-B21E530AD49A}"
EndProject
Global
	GlobalSection(SolutionConfigurationPlatforms) = preSolution
		Debug|Any CPU = Debug|Any CPU
		Release|Any CPU = Release|Any CPU
	EndGlobalSection
	GlobalSection(ProjectConfigurationPlatforms) = postSolution
		{5E020021-0417-4113-887B-B21E530AD49A}.Debug|Any CPU.ActiveCfg = Debug|Any CPU
		{5E020021-0417-4113-887B-B21E530AD49A}.Debug|Any CPU.Build.0 = Debug|Any CPU
		{5E020021-0417-4113-887B-B21E530AD49A}.Release|Any CPU.ActiveCfg = Release|Any CPU
		{5E020021-0417-4113-887B-B21E530AD49A}.Release|Any CPU.Build.0 = Release|Any CPU
	EndGlobalSection
	GlobalSection(SolutionProperties) = preSolution
		HideSolutionNode = FALSE
	EndGlobalSection
	GlobalSection(ExtensibilityGlobals) = postSolution
		SolutionGuid = {83FF4988-8450-48BA-9738-E85055C9329B}
	EndGlobalSection
EndGlobal
